// !$*UTF8*$!
{
	archiveVersion = 1;
	classes = {
	};
	objectVersion = 50;
	objects = {

/* Begin PBXBuildFile section */
		7B486103218F466500BD7D4F /* AppDelegate.swift in Sources */ = {isa = PBXBuildFile; fileRef = 7B486102218F466500BD7D4F /* AppDelegate.swift */; };
		7B486105218F466500BD7D4F /* ViewController.swift in Sources */ = {isa = PBXBuildFile; fileRef = 7B486104218F466500BD7D4F /* ViewController.swift */; };
		7B486108218F466500BD7D4F /* Main.storyboard in Resources */ = {isa = PBXBuildFile; fileRef = 7B486106218F466500BD7D4F /* Main.storyboard */; };
		7B48610A218F467100BD7D4F /* Assets.xcassets in Resources */ = {isa = PBXBuildFile; fileRef = 7B486109218F467100BD7D4F /* Assets.xcassets */; };
		7B48610D218F467100BD7D4F /* LaunchScreen.storyboard in Resources */ = {isa = PBXBuildFile; fileRef = 7B48610B218F467100BD7D4F /* LaunchScreen.storyboard */; };
		7B486116218F488800BD7D4F /* PlayingCard.swift in Sources */ = {isa = PBXBuildFile; fileRef = 7B486115218F488800BD7D4F /* PlayingCard.swift */; };
		7B56E0F62193233B003D80CE /* PlayingCardDeck.swift in Sources */ = {isa = PBXBuildFile; fileRef = 7B56E0F52193233B003D80CE /* PlayingCardDeck.swift */; };
		7BF1CC502199BA730084ECEC /* PlayingCardView.swift in Sources */ = {isa = PBXBuildFile; fileRef = 7BF1CC4F2199BA720084ECEC /* PlayingCardView.swift */; };
/* End PBXBuildFile section */

/* Begin PBXFileReference section */
		7B4860FF218F466500BD7D4F /* playing-card.app */ = {isa = PBXFileReference; explicitFileType = wrapper.application; includeInIndex = 0; path = "playing-card.app"; sourceTree = BUILT_PRODUCTS_DIR; };
		7B486102218F466500BD7D4F /* AppDelegate.swift */ = {isa = PBXFileReference; lastKnownFileType = sourcecode.swift; path = AppDelegate.swift; sourceTree = "<group>"; };
		7B486104218F466500BD7D4F /* ViewController.swift */ = {isa = PBXFileReference; lastKnownFileType = sourcecode.swift; path = ViewController.swift; sourceTree = "<group>"; };
		7B486107218F466500BD7D4F /* Base */ = {isa = PBXFileReference; lastKnownFileType = file.storyboard; name = Base; path = Base.lproj/Main.storyboard; sourceTree = "<group>"; };
		7B486109218F467100BD7D4F /* Assets.xcassets */ = {isa = PBXFileReference; lastKnownFileType = folder.assetcatalog; path = Assets.xcassets; sourceTree = "<group>"; };
		7B48610C218F467100BD7D4F /* Base */ = {isa = PBXFileReference; lastKnownFileType = file.storyboard; name = Base; path = Base.lproj/LaunchScreen.storyboard; sourceTree = "<group>"; };
		7B48610E218F467100BD7D4F /* Info.plist */ = {isa = PBXFileReference; lastKnownFileType = text.plist.xml; path = Info.plist; sourceTree = "<group>"; };
		7B486115218F488800BD7D4F /* PlayingCard.swift */ = {isa = PBXFileReference; lastKnownFileType = sourcecode.swift; path = PlayingCard.swift; sourceTree = "<group>"; };
		7B56E0F52193233B003D80CE /* PlayingCardDeck.swift */ = {isa = PBXFileReference; lastKnownFileType = sourcecode.swift; path = PlayingCardDeck.swift; sourceTree = "<group>"; };
		7BF1CC4F2199BA720084ECEC /* PlayingCardView.swift */ = {isa = PBXFileReference; lastKnownFileType = sourcecode.swift; path = PlayingCardView.swift; sourceTree = "<group>"; };
/* End PBXFileReference section */

/* Begin PBXFrameworksBuildPhase section */
		7B4860FC218F466500BD7D4F /* Frameworks */ = {
			isa = PBXFrameworksBuildPhase;
			buildActionMask = 2147483647;
			files = (
			);
			runOnlyForDeploymentPostprocessing = 0;
		};
/* End PBXFrameworksBuildPhase section */

/* Begin PBXGroup section */
		7B4860F6218F466400BD7D4F = {
			isa = PBXGroup;
			children = (
				7B486101218F466500BD7D4F /* playing-card */,
				7B486100218F466500BD7D4F /* Products */,
			);
			sourceTree = "<group>";
		};
		7B486100218F466500BD7D4F /* Products */ = {
			isa = PBXGroup;
			children = (
				7B4860FF218F466500BD7D4F /* playing-card.app */,
			);
			name = Products;
			sourceTree = "<group>";
		};
		7B486101218F466500BD7D4F /* playing-card */ = {
			isa = PBXGroup;
			children = (
				7B486104218F466500BD7D4F /* ViewController.swift */,
				7B486106218F466500BD7D4F /* Main.storyboard */,
				7B486115218F488800BD7D4F /* PlayingCard.swift */,
				7B56E0F52193233B003D80CE /* PlayingCardDeck.swift */,
				7BF1CC4F2199BA720084ECEC /* PlayingCardView.swift */,
				7B486109218F467100BD7D4F /* Assets.xcassets */,
				7B486114218F478500BD7D4F /* Supporting Files */,
				7B48610E218F467100BD7D4F /* Info.plist */,
			);
			path = "playing-card";
			sourceTree = "<group>";
		};
		7B486114218F478500BD7D4F /* Supporting Files */ = {
			isa = PBXGroup;
			children = (
				7B486102218F466500BD7D4F /* AppDelegate.swift */,
				7B48610B218F467100BD7D4F /* LaunchScreen.storyboard */,
			);
			path = "Supporting Files";
			sourceTree = "<group>";
		};
/* End PBXGroup section */

/* Begin PBXNativeTarget section */
		7B4860FE218F466500BD7D4F /* playing-card */ = {
			isa = PBXNativeTarget;
			buildConfigurationList = 7B486111218F467100BD7D4F /* Build configuration list for PBXNativeTarget "playing-card" */;
			buildPhases = (
				7B4860FB218F466500BD7D4F /* Sources */,
				7B4860FC218F466500BD7D4F /* Frameworks */,
				7B4860FD218F466500BD7D4F /* Resources */,
			);
			buildRules = (
			);
			dependencies = (
			);
			name = "playing-card";
			productName = "playing-card";
			productReference = 7B4860FF218F466500BD7D4F /* playing-card.app */;
			productType = "com.apple.product-type.application";
		};
/* End PBXNativeTarget section */

/* Begin PBXProject section */
		7B4860F7218F466500BD7D4F /* Project object */ = {
			isa = PBXProject;
			attributes = {
				LastSwiftUpdateCheck = 1010;
				LastUpgradeCheck = 1010;
				ORGANIZATIONNAME = "Artyom Sadyrin";
				TargetAttributes = {
					7B4860FE218F466500BD7D4F = {
						CreatedOnToolsVersion = 10.1;
					};
				};
			};
			buildConfigurationList = 7B4860FA218F466500BD7D4F /* Build configuration list for PBXProject "playing-card" */;
			compatibilityVersion = "Xcode 9.3";
			developmentRegion = en;
			hasScannedForEncodings = 0;
			knownRegions = (
				en,
				Base,
			);
			mainGroup = 7B4860F6218F466400BD7D4F;
			productRefGroup = 7B486100218F466500BD7D4F /* Products */;
			projectDirPath = "";
			projectRoot = "";
			targets = (
				7B4860FE218F466500BD7D4F /* playing-card */,
			);
		};
/* End PBXProject section */

/* Begin PBXResourcesBuildPhase section */
		7B4860FD218F466500BD7D4F /* Resources */ = {
			isa = PBXResourcesBuildPhase;
			buildActionMask = 2147483647;
			files = (
				7B48610D218F467100BD7D4F /* LaunchScreen.storyboard in Resources */,
				7B48610A218F467100BD7D4F /* Assets.xcassets in Resources */,
				7B486108218F466500BD7D4F /* Main.storyboard in Resources */,
			);
			runOnlyForDeploymentPostprocessing = 0;
		};
/* End PBXResourcesBuildPhase section */

/* Begin PBXSourcesBuildPhase section */
		7B4860FB218F466500BD7D4F /* Sources */ = {
			isa = PBXSourcesBuildPhase;
			buildActionMask = 2147483647;
			files = (
				7B486105218F466500BD7D4F /* ViewController.swift in Sources */,
				7B56E0F62193233B003D80CE /* PlayingCardDeck.swift in Sources */,
				7B486116218F488800BD7D4F /* PlayingCard.swift in Sources */,
				7BF1CC502199BA730084ECEC /* PlayingCardView.swift in Sources */,
				7B486103218F466500BD7D4F /* AppDelegate.swift in Sources */,
			);
			runOnlyForDeploymentPostprocessing = 0;
		};
/* End PBXSourcesBuildPhase section */

/* Begin PBXVariantGroup section */
		7B486106218F466500BD7D4F /* Main.storyboard */ = {
			isa = PBXVariantGroup;
			children = (
				7B486107218F466500BD7D4F /* Base */,
			);
			name = Main.storyboard;
			sourceTree = "<group>";
		};
		7B48610B218F467100BD7D4F /* LaunchScreen.storyboard */ = {
			isa = PBXVariantGroup;
			children = (
				7B48610C218F467100BD7D4F /* Base */,
			);
			name = LaunchScreen.storyboard;
			sourceTree = "<group>";
		};
/* End PBXVariantGroup section */

/* Begin XCBuildConfiguration section */
		7B48610F218F467100BD7D4F /* Debug */ = {
			isa = XCBuildConfiguration;
			buildSettings = {
				ALWAYS_SEARCH_USER_PATHS = NO;
				CLANG_ANALYZER_NONNULL = YES;
				CLANG_ANALYZER_NUMBER_OBJECT_CONVERSION = YES_AGGRESSIVE;
				CLANG_CXX_LANGUAGE_STANDARD = "gnu++14";
				CLANG_CXX_LIBRARY = "libc++";
				CLANG_ENABLE_MODULES = YES;
				CLANG_ENABLE_OBJC_ARC = YES;
				CLANG_ENABLE_OBJC_WEAK = YES;
				CLANG_WARN_BLOCK_CAPTURE_AUTORELEASING = YES;
				CLANG_WARN_BOOL_CONVERSION = YES;
				CLANG_WARN_COMMA = YES;
				CLANG_WARN_CONSTANT_CONVERSION = YES;
				CLANG_WARN_DEPRECATED_OBJC_IMPLEMENTATIONS = YES;
				CLANG_WARN_DIRECT_OBJC_ISA_USAGE = YES_ERROR;
				CLANG_WARN_DOCUMENTATION_COMMENTS = YES;
				CLANG_WARN_EMPTY_BODY = YES;
				CLANG_WARN_ENUM_CONVERSION = YES;
				CLANG_WARN_INFINITE_RECURSION = YES;
				CLANG_WARN_INT_CONVERSION = YES;
				CLANG_WARN_NON_LITERAL_NULL_CONVERSION = YES;
				CLANG_WARN_OBJC_IMPLICIT_RETAIN_SELF = YES;
				CLANG_WARN_OBJC_LITERAL_CONVERSION = YES;
				CLANG_WARN_OBJC_ROOT_CLASS = YES_ERROR;
				CLANG_WARN_RANGE_LOOP_ANALYSIS = YES;
				CLANG_WARN_STRICT_PROTOTYPES = YES;
				CLANG_WARN_SUSPICIOUS_MOVE = YES;
				CLANG_WARN_UNGUARDED_AVAILABILITY = YES_AGGRESSIVE;
				CLANG_WARN_UNREACHABLE_CODE = YES;
				CLANG_WARN__DUPLICATE_METHOD_MATCH = YES;
				CODE_SIGN_IDENTITY = "iPhone Developer";
				COPY_PHASE_STRIP = NO;
				DEBUG_INFORMATION_FORMAT = dwarf;
				ENABLE_STRICT_OBJC_MSGSEND = YES;
				ENABLE_TESTABILITY = YES;
				GCC_C_LANGUAGE_STANDARD = gnu11;
				GCC_DYNAMIC_NO_PIC = NO;
				GCC_NO_COMMON_BLOCKS = YES;
				GCC_OPTIMIZATION_LEVEL = 0;
				GCC_PREPROCESSOR_DEFINITIONS = (
					"DEBUG=1",
					"$(inherited)",
				);
				GCC_WARN_64_TO_32_BIT_CONVERSION = YES;
				GCC_WARN_ABOUT_RETURN_TYPE = YES_ERROR;
				GCC_WARN_UNDECLARED_SELECTOR = YES;
				GCC_WARN_UNINITIALIZED_AUTOS = YES_AGGRESSIVE;
				GCC_WARN_UNUSED_FUNCTION = YES;
				GCC_WARN_UNUSED_VARIABLE = YES;
				IPHONEOS_DEPLOYMENT_TARGET = 12.1;
				MTL_ENABLE_DEBUG_INFO = INCLUDE_SOURCE;
				MTL_FAST_MATH = YES;
				ONLY_ACTIVE_ARCH = YES;
				SDKROOT = iphoneos;
				SWIFT_ACTIVE_COMPILATION_CONDITIONS = DEBUG;
				SWIFT_OPTIMIZATION_LEVEL = "-Onone";
			};
			name = Debug;
		};
		7B486110218F467100BD7D4F /* Release */ = {
			isa = XCBuildConfiguration;
			buildSettings = {
				ALWAYS_SEARCH_USER_PATHS = NO;
				CLANG_ANALYZER_NONNULL = YES;
				CLANG_ANALYZER_NUMBER_OBJECT_CONVERSION = YES_AGGRESSIVE;
				CLANG_CXX_LANGUAGE_STANDARD = "gnu++14";
				CLANG_CXX_LIBRARY = "libc++";
				CLANG_ENABLE_MODULES = YES;
				CLANG_ENABLE_OBJC_ARC = YES;
				CLANG_ENABLE_OBJC_WEAK = YES;
				CLANG_WARN_BLOCK_CAPTURE_AUTORELEASING = YES;
				CLANG_WARN_BOOL_CONVERSION = YES;
				CLANG_WARN_COMMA = YES;
				CLANG_WARN_CONSTANT_CONVERSION = YES;
				CLANG_WARN_DEPRECATED_OBJC_IMPLEMENTATIONS = YES;
				CLANG_WARN_DIRECT_OBJC_ISA_USAGE = YES_ERROR;
				CLANG_WARN_DOCUMENTATION_COMMENTS = YES;
				CLANG_WARN_EMPTY_BODY = YES;
				CLANG_WARN_ENUM_CONVERSION = YES;
				CLANG_WARN_INFINITE_RECURSION = YES;
				CLANG_WARN_INT_CONVERSION = YES;
				CLANG_WARN_NON_LITERAL_NULL_CONVERSION = YES;
				CLANG_WARN_OBJC_IMPLICIT_RETAIN_SELF = YES;
				CLANG_WARN_OBJC_LITERAL_CONVERSION = YES;
				CLANG_WARN_OBJC_ROOT_CLASS = YES_ERROR;
				CLANG_WARN_RANGE_LOOP_ANALYSIS = YES;
				CLANG_WARN_STRICT_PROTOTYPES = YES;
				CLANG_WARN_SUSPICIOUS_MOVE = YES;
				CLANG_WARN_UNGUARDED_AVAILABILITY = YES_AGGRESSIVE;
				CLANG_WARN_UNREACHABLE_CODE = YES;
				CLANG_WARN__DUPLICATE_METHOD_MATCH = YES;
				CODE_SIGN_IDENTITY = "iPhone Developer";
				COPY_PHASE_STRIP = NO;
				DEBUG_INFORMATION_FORMAT = "dwarf-with-dsym";
				ENABLE_NS_ASSERTIONS = NO;
				ENABLE_STRICT_OBJC_MSGSEND = YES;
				GCC_C_LANGUAGE_STANDARD = gnu11;
				GCC_NO_COMMON_BLOCKS = YES;
				GCC_WARN_64_TO_32_BIT_CONVERSION = YES;
				GCC_WARN_ABOUT_RETURN_TYPE = YES_ERROR;
				GCC_WARN_UNDECLARED_SELECTOR = YES;
				GCC_WARN_UNINITIALIZED_AUTOS = YES_AGGRESSIVE;
				GCC_WARN_UNUSED_FUNCTION = YES;
				GCC_WARN_UNUSED_VARIABLE = YES;
				IPHONEOS_DEPLOYMENT_TARGET = 12.1;
				MTL_ENABLE_DEBUG_INFO = NO;
				MTL_FAST_MATH = YES;
				SDKROOT = iphoneos;
				SWIFT_COMPILATION_MODE = wholemodule;
				SWIFT_OPTIMIZATION_LEVEL = "-O";
				VALIDATE_PRODUCT = YES;
			};
			name = Release;
		};
		7B486112218F467100BD7D4F /* Debug */ = {
			isa = XCBuildConfiguration;
			buildSettings = {
				ASSETCATALOG_COMPILER_APPICON_NAME = AppIcon;
				CODE_SIGN_STYLE = Automatic;
				DEVELOPMENT_TEAM = 8LSCB2ZP9M;
				INFOPLIST_FILE = "playing-card/Info.plist";
				LD_RUNPATH_SEARCH_PATHS = (
					"$(inherited)",
					"@executable_path/Frameworks",
				);
				PRODUCT_BUNDLE_IDENTIFIER = "io.github.artyomsadyrin.playing-card";
				PRODUCT_NAME = "$(TARGET_NAME)";
				SWIFT_VERSION = 4.2;
				TARGETED_DEVICE_FAMILY = "1,2";
			};
			name = Debug;
		};
		7B486113218F467100BD7D4F /* Release */ = {
			isa = XCBuildConfiguration;
			buildSettings = {
				ASSETCATALOG_COMPILER_APPICON_NAME = AppIcon;
				CODE_SIGN_STYLE = Automatic;
				DEVELOPMENT_TEAM = 8LSCB2ZP9M;
				INFOPLIST_FILE = "playing-card/Info.plist";
				LD_RUNPATH_SEARCH_PATHS = (
					"$(inherited)",
					"@executable_path/Frameworks",
				);
				PRODUCT_BUNDLE_IDENTIFIER = "io.github.artyomsadyrin.playing-card";
				PRODUCT_NAME = "$(TARGET_NAME)";
				SWIFT_VERSION = 4.2;
				TARGETED_DEVICE_FAMILY = "1,2";
			};
			name = Release;
		};
/* End XCBuildConfiguration section */

/* Begin XCConfigurationList section */
		7B4860FA218F466500BD7D4F /* Build configuration list for PBXProject "playing-card" */ = {
			isa = XCConfigurationList;
			buildConfigurations = (
				7B48610F218F467100BD7D4F /* Debug */,
				7B486110218F467100BD7D4F /* Release */,
			);
			defaultConfigurationIsVisible = 0;
			defaultConfigurationName = Release;
		};
		7B486111218F467100BD7D4F /* Build configuration list for PBXNativeTarget "playing-card" */ = {
			isa = XCConfigurationList;
			buildConfigurations = (
				7B486112218F467100BD7D4F /* Debug */,
				7B486113218F467100BD7D4F /* Release */,
			);
			defaultConfigurationIsVisible = 0;
			defaultConfigurationName = Release;
		};
/* End XCConfigurationList section */
	};
	rootObject = 7B4860F7218F466500BD7D4F /* Project object */;
}
